
Microsoft Visual Studio Solution File, Format Version 12.00
# Visual Studio 2012
Project("{FAE04EC0-301F-11D3-BF4B-00C04F79EFBC}") = "WpfTabNavigation", "WpfTabNavigation\WpfTabNavigation.csproj", "{8928738C-40E7-47FF-913C-8190C52C133B}"
EndProject
Global
	GlobalSection(SolutionConfigurationPlatforms) = preSolution
		Debug|Any CPU = Debug|Any CPU
		Release|Any CPU = Release|Any CPU
	EndGlobalSection
	GlobalSection(ProjectConfigurationPlatforms) = postSolution
		{8928738C-40E7-47FF-913C-8190C52C133B}.Debug|Any CPU.ActiveCfg = Debug|Any CPU
		{8928738C-40E7-47FF-913C-8190C52C133B}.Debug|Any CPU.Build.0 = Debug|Any CPU
		{8928738C-40E7-47FF-913C-8190C52C133B}.Release|Any CPU.ActiveCfg = Release|Any CPU
		{8928738C-40E7-47FF-913C-8190C52C133B}.Release|Any CPU.Build.0 = Release|Any CPU
	EndGlobalSection
	GlobalSection(SolutionProperties) = preSolution
		HideSolutionNode = FALSE
	EndGlobalSection
EndGlobal
